
Microsoft Visual Studio Solution File, Format Version 12.00
# Visual Studio Version 17
VisualStudioVersion = 17.0.31903.59
MinimumVisualStudioVersion = 10.0.40219.1
Project("{9A19103F-16F7-4668-BE54-9A1E7A4F7556}") = "MyAwesomeShop.Shared.Domain", "src\Shared\MyAwesomeShop.Shared.Domain\MyAwesomeShop.Shared.Domain.csproj", "{526DE630-0367-42BC-AAB8-59B774494873}"
EndProject
Project("{2150E333-8FDC-42A3-9474-1A3956D46DE8}") = "Shared", "Shared", "{21BE4CE4-7EA9-496E-81C8-0B3BF43E0E7D}"
EndProject
Project("{2150E333-8FDC-42A3-9474-1A3956D46DE8}") = "Catalog", "Catalog", "{BCFF0C89-B993-4A83-BE2A-FF62E4574AA4}"
EndProject
Project("{9A19103F-16F7-4668-BE54-9A1E7A4F7556}") = "MyAwesomeShop.Catalog.Domain", "src\Catalog\MyAwesomeShop.Catalog.Domain\MyAwesomeShop.Catalog.Domain.csproj", "{4BD41511-FCE5-41E2-82F7-CA00D038B427}"
EndProject
Project("{2150E333-8FDC-42A3-9474-1A3956D46DE8}") = "solution-items", "solution-items", "{E30699C4-08BB-4AF0-A8E9-D27B8C9E84F4}"
	ProjectSection(SolutionItems) = preProject
		.editorconfig = .editorconfig
		.gitignore = .gitignore
		README.md = README.md
	EndProjectSection
EndProject
Project("{2150E333-8FDC-42A3-9474-1A3956D46DE8}") = "src", "src", "{9C6E1393-1EBC-41A2-9A65-7D16E10233C9}"
EndProject
Project("{9A19103F-16F7-4668-BE54-9A1E7A4F7556}") = "MyAwesomeShop.Catalog.Infrastructure", "src\Catalog\MyAwesomeShop.Catalog.Infrastructure\MyAwesomeShop.Catalog.Infrastructure.csproj", "{4014E3FA-93E8-48EF-B5E7-0EAE739549F9}"
EndProject
Project("{9A19103F-16F7-4668-BE54-9A1E7A4F7556}") = "MyAwesomeShop.Catalog.Application", "src\Catalog\MyAwesomeShop.Catalog.Application\MyAwesomeShop.Catalog.Application.csproj", "{C2864791-D750-41BE-B74D-B342DB18426E}"
EndProject
Project("{9A19103F-16F7-4668-BE54-9A1E7A4F7556}") = "MyAwesomeShop.Catalog.WebApi", "src\Catalog\MyAwesomeShop.Catalog.WebApi\MyAwesomeShop.Catalog.WebApi.csproj", "{06286814-3478-46A7-88E4-523E2AAF6CFE}"
EndProject
Project("{9A19103F-16F7-4668-BE54-9A1E7A4F7556}") = "MyAwesomeShop.Shared.Application", "src\Shared\MyAwesomeShop.Shared.Application\MyAwesomeShop.Shared.Application.csproj", "{CDF69621-8832-4354-9C0F-77A233AAB75B}"
EndProject
Project("{9A19103F-16F7-4668-BE54-9A1E7A4F7556}") = "MyAwesomeShop.Shared.WebApi", "src\Shared\MyAwesomeShop.Shared.WebApi\MyAwesomeShop.Shared.WebApi.csproj", "{53ECD3D9-C85A-44A5-88D7-A3BCFD303C73}"
EndProject
Project("{2150E333-8FDC-42A3-9474-1A3956D46DE8}") = "Basket", "Basket", "{EE2B36B6-E9E6-40B6-9F12-A76CB16914FA}"
EndProject
Project("{9A19103F-16F7-4668-BE54-9A1E7A4F7556}") = "MyAwesomeShop.Basket.WebApi", "src\Basket\MyAwesomeShop.Basket.WebApi\MyAwesomeShop.Basket.WebApi.csproj", "{BB27AD36-1C29-4F76-9CD1-4881F0D8FB6A}"
EndProject
Project("{9A19103F-16F7-4668-BE54-9A1E7A4F7556}") = "MyAwesomeShop.Shared.Infrastructure", "src\Shared\MyAwesomeShop.Shared.Infrastructure\MyAwesomeShop.Shared.Infrastructure.csproj", "{48F78AD5-CD60-4E4C-9F7A-439AFE3BC909}"
EndProject
Project("{9A19103F-16F7-4668-BE54-9A1E7A4F7556}") = "MyAwesomeShop.Shared", "src\Shared\MyAwesomeShop.Shared\MyAwesomeShop.Shared.csproj", "{8D3CD59D-2091-44A3-A667-630A20845A58}"
EndProject
Project("{2150E333-8FDC-42A3-9474-1A3956D46DE8}") = "Notification", "Notification", "{F556C986-E9D5-4E5C-A225-E8B501267669}"
EndProject
Project("{9A19103F-16F7-4668-BE54-9A1E7A4F7556}") = "MyAwesomeShop.Notification.WebApi", "src\Notification\MyAwesomeShop.Notification.WebApi\MyAwesomeShop.Notification.WebApi.csproj", "{A53A10AE-1897-4406-BD88-102E78077DE1}"
EndProject
Project("{2150E333-8FDC-42A3-9474-1A3956D46DE8}") = "ApiGateways", "ApiGateways", "{C4E43A99-46DB-4026-80E9-329B802E82FB}"
EndProject
Project("{9A19103F-16F7-4668-BE54-9A1E7A4F7556}") = "MyAwesomeShop.ApiGateways.Web", "src\ApiGateways\MyAwesomeShop.ApiGateways.Web\MyAwesomeShop.ApiGateways.Web.csproj", "{57A2CDB4-FAD7-410E-B40E-EDB5DE381490}"
EndProject
Project("{FAE04EC0-301F-11D3-BF4B-00C04F79EFBC}") = "MyAwesomeShop.Shared.Security", "src\Shared\MyAwesomeShop.Shared.Security\MyAwesomeShop.Shared.Security.csproj", "{9478EE84-FF98-4E0A-B018-18A24528CEBB}"
EndProject
Global
	GlobalSection(SolutionConfigurationPlatforms) = preSolution
		Debug|Any CPU = Debug|Any CPU
		Release|Any CPU = Release|Any CPU
	EndGlobalSection
	GlobalSection(ProjectConfigurationPlatforms) = postSolution
		{526DE630-0367-42BC-AAB8-59B774494873}.Debug|Any CPU.ActiveCfg = Debug|Any CPU
		{526DE630-0367-42BC-AAB8-59B774494873}.Debug|Any CPU.Build.0 = Debug|Any CPU
		{526DE630-0367-42BC-AAB8-59B774494873}.Release|Any CPU.ActiveCfg = Release|Any CPU
		{526DE630-0367-42BC-AAB8-59B774494873}.Release|Any CPU.Build.0 = Release|Any CPU
		{4BD41511-FCE5-41E2-82F7-CA00D038B427}.Debug|Any CPU.ActiveCfg = Debug|Any CPU
		{4BD41511-FCE5-41E2-82F7-CA00D038B427}.Debug|Any CPU.Build.0 = Debug|Any CPU
		{4BD41511-FCE5-41E2-82F7-CA00D038B427}.Release|Any CPU.ActiveCfg = Release|Any CPU
		{4BD41511-FCE5-41E2-82F7-CA00D038B427}.Release|Any CPU.Build.0 = Release|Any CPU
		{4014E3FA-93E8-48EF-B5E7-0EAE739549F9}.Debug|Any CPU.ActiveCfg = Debug|Any CPU
		{4014E3FA-93E8-48EF-B5E7-0EAE739549F9}.Debug|Any CPU.Build.0 = Debug|Any CPU
		{4014E3FA-93E8-48EF-B5E7-0EAE739549F9}.Release|Any CPU.ActiveCfg = Release|Any CPU
		{4014E3FA-93E8-48EF-B5E7-0EAE739549F9}.Release|Any CPU.Build.0 = Release|Any CPU
		{C2864791-D750-41BE-B74D-B342DB18426E}.Debug|Any CPU.ActiveCfg = Debug|Any CPU
		{C2864791-D750-41BE-B74D-B342DB18426E}.Debug|Any CPU.Build.0 = Debug|Any CPU
		{C2864791-D750-41BE-B74D-B342DB18426E}.Release|Any CPU.ActiveCfg = Release|Any CPU
		{C2864791-D750-41BE-B74D-B342DB18426E}.Release|Any CPU.Build.0 = Release|Any CPU
		{06286814-3478-46A7-88E4-523E2AAF6CFE}.Debug|Any CPU.ActiveCfg = Debug|Any CPU
		{06286814-3478-46A7-88E4-523E2AAF6CFE}.Debug|Any CPU.Build.0 = Debug|Any CPU
		{06286814-3478-46A7-88E4-523E2AAF6CFE}.Release|Any CPU.ActiveCfg = Release|Any CPU
		{06286814-3478-46A7-88E4-523E2AAF6CFE}.Release|Any CPU.Build.0 = Release|Any CPU
		{CDF69621-8832-4354-9C0F-77A233AAB75B}.Debug|Any CPU.ActiveCfg = Debug|Any CPU
		{CDF69621-8832-4354-9C0F-77A233AAB75B}.Debug|Any CPU.Build.0 = Debug|Any CPU
		{CDF69621-8832-4354-9C0F-77A233AAB75B}.Release|Any CPU.ActiveCfg = Release|Any CPU
		{CDF69621-8832-4354-9C0F-77A233AAB75B}.Release|Any CPU.Build.0 = Release|Any CPU
		{53ECD3D9-C85A-44A5-88D7-A3BCFD303C73}.Debug|Any CPU.ActiveCfg = Debug|Any CPU
		{53ECD3D9-C85A-44A5-88D7-A3BCFD303C73}.Debug|Any CPU.Build.0 = Debug|Any CPU
		{53ECD3D9-C85A-44A5-88D7-A3BCFD303C73}.Release|Any CPU.ActiveCfg = Release|Any CPU
		{53ECD3D9-C85A-44A5-88D7-A3BCFD303C73}.Release|Any CPU.Build.0 = Release|Any CPU
		{BB27AD36-1C29-4F76-9CD1-4881F0D8FB6A}.Debug|Any CPU.ActiveCfg = Debug|Any CPU
		{BB27AD36-1C29-4F76-9CD1-4881F0D8FB6A}.Debug|Any CPU.Build.0 = Debug|Any CPU
		{BB27AD36-1C29-4F76-9CD1-4881F0D8FB6A}.Release|Any CPU.ActiveCfg = Release|Any CPU
		{BB27AD36-1C29-4F76-9CD1-4881F0D8FB6A}.Release|Any CPU.Build.0 = Release|Any CPU
		{48F78AD5-CD60-4E4C-9F7A-439AFE3BC909}.Debug|Any CPU.ActiveCfg = Debug|Any CPU
		{48F78AD5-CD60-4E4C-9F7A-439AFE3BC909}.Debug|Any CPU.Build.0 = Debug|Any CPU
		{48F78AD5-CD60-4E4C-9F7A-439AFE3BC909}.Release|Any CPU.ActiveCfg = Release|Any CPU
		{48F78AD5-CD60-4E4C-9F7A-439AFE3BC909}.Release|Any CPU.Build.0 = Release|Any CPU
		{8D3CD59D-2091-44A3-A667-630A20845A58}.Debug|Any CPU.ActiveCfg = Debug|Any CPU
		{8D3CD59D-2091-44A3-A667-630A20845A58}.Debug|Any CPU.Build.0 = Debug|Any CPU
		{8D3CD59D-2091-44A3-A667-630A20845A58}.Release|Any CPU.ActiveCfg = Release|Any CPU
		{8D3CD59D-2091-44A3-A667-630A20845A58}.Release|Any CPU.Build.0 = Release|Any CPU
		{A53A10AE-1897-4406-BD88-102E78077DE1}.Debug|Any CPU.ActiveCfg = Debug|Any CPU
		{A53A10AE-1897-4406-BD88-102E78077DE1}.Debug|Any CPU.Build.0 = Debug|Any CPU
		{A53A10AE-1897-4406-BD88-102E78077DE1}.Release|Any CPU.ActiveCfg = Release|Any CPU
		{A53A10AE-1897-4406-BD88-102E78077DE1}.Release|Any CPU.Build.0 = Release|Any CPU
		{57A2CDB4-FAD7-410E-B40E-EDB5DE381490}.Debug|Any CPU.ActiveCfg = Debug|Any CPU
		{57A2CDB4-FAD7-410E-B40E-EDB5DE381490}.Debug|Any CPU.Build.0 = Debug|Any CPU
		{57A2CDB4-FAD7-410E-B40E-EDB5DE381490}.Release|Any CPU.ActiveCfg = Release|Any CPU
		{57A2CDB4-FAD7-410E-B40E-EDB5DE381490}.Release|Any CPU.Build.0 = Release|Any CPU
		{9478EE84-FF98-4E0A-B018-18A24528CEBB}.Debug|Any CPU.ActiveCfg = Debug|Any CPU
		{9478EE84-FF98-4E0A-B018-18A24528CEBB}.Debug|Any CPU.Build.0 = Debug|Any CPU
		{9478EE84-FF98-4E0A-B018-18A24528CEBB}.Release|Any CPU.ActiveCfg = Release|Any CPU
		{9478EE84-FF98-4E0A-B018-18A24528CEBB}.Release|Any CPU.Build.0 = Release|Any CPU
	EndGlobalSection
	GlobalSection(SolutionProperties) = preSolution
		HideSolutionNode = FALSE
	EndGlobalSection
	GlobalSection(NestedProjects) = preSolution
		{526DE630-0367-42BC-AAB8-59B774494873} = {21BE4CE4-7EA9-496E-81C8-0B3BF43E0E7D}
		{21BE4CE4-7EA9-496E-81C8-0B3BF43E0E7D} = {9C6E1393-1EBC-41A2-9A65-7D16E10233C9}
		{BCFF0C89-B993-4A83-BE2A-FF62E4574AA4} = {9C6E1393-1EBC-41A2-9A65-7D16E10233C9}
		{4BD41511-FCE5-41E2-82F7-CA00D038B427} = {BCFF0C89-B993-4A83-BE2A-FF62E4574AA4}
		{4014E3FA-93E8-48EF-B5E7-0EAE739549F9} = {BCFF0C89-B993-4A83-BE2A-FF62E4574AA4}
		{C2864791-D750-41BE-B74D-B342DB18426E} = {BCFF0C89-B993-4A83-BE2A-FF62E4574AA4}
		{06286814-3478-46A7-88E4-523E2AAF6CFE} = {BCFF0C89-B993-4A83-BE2A-FF62E4574AA4}
		{CDF69621-8832-4354-9C0F-77A233AAB75B} = {21BE4CE4-7EA9-496E-81C8-0B3BF43E0E7D}
		{53ECD3D9-C85A-44A5-88D7-A3BCFD303C73} = {21BE4CE4-7EA9-496E-81C8-0B3BF43E0E7D}
		{EE2B36B6-E9E6-40B6-9F12-A76CB16914FA} = {9C6E1393-1EBC-41A2-9A65-7D16E10233C9}
		{BB27AD36-1C29-4F76-9CD1-4881F0D8FB6A} = {EE2B36B6-E9E6-40B6-9F12-A76CB16914FA}
		{48F78AD5-CD60-4E4C-9F7A-439AFE3BC909} = {21BE4CE4-7EA9-496E-81C8-0B3BF43E0E7D}
		{8D3CD59D-2091-44A3-A667-630A20845A58} = {21BE4CE4-7EA9-496E-81C8-0B3BF43E0E7D}
		{F556C986-E9D5-4E5C-A225-E8B501267669} = {9C6E1393-1EBC-41A2-9A65-7D16E10233C9}
		{A53A10AE-1897-4406-BD88-102E78077DE1} = {F556C986-E9D5-4E5C-A225-E8B501267669}
		{C4E43A99-46DB-4026-80E9-329B802E82FB} = {9C6E1393-1EBC-41A2-9A65-7D16E10233C9}
		{57A2CDB4-FAD7-410E-B40E-EDB5DE381490} = {C4E43A99-46DB-4026-80E9-329B802E82FB}
		{9478EE84-FF98-4E0A-B018-18A24528CEBB} = {21BE4CE4-7EA9-496E-81C8-0B3BF43E0E7D}
	EndGlobalSection
	GlobalSection(ExtensibilityGlobals) = postSolution
		SolutionGuid = {D43E1298-7979-467B-ABD6-AF218F91991A}
	EndGlobalSection
EndGlobal
